<?xml version="1.0" encoding="utf-8"?>
<Project ToolsVersion="4.0" xmlns="http://schemas.microsoft.com/developer/msbuild/2003">
  <ItemGroup>
    <ClCompile Include="main.cpp" />
    <ClCompile Include="TextureConverter\TextureConverter.cpp">
      <Filter>TextureConverter</Filter>
    </ClCompile>
    <ClCompile Include="Utils\ConvertString.cpp">
      <Filter>Utils</Filter>
    </ClCompile>
  </ItemGroup>
  <ItemGroup>
    <Filter Include="TextureConverter">
      <UniqueIdentifier>{0bff5a19-70b0-45de-beee-9c94ab76ce2c}</UniqueIdentifier>
    </Filter>
    <Filter Include="Utils">
      <UniqueIdentifier>{bf214503-8e26-4447-9a72-86427f0450bf}</UniqueIdentifier>
    </Filter>
  </ItemGroup>
  <ItemGroup>
    <ClInclude Include="TextureConverter\TextureConverter.h">
      <Filter>TextureConverter</Filter>
    </ClInclude>
    <ClInclude Include="Utils\ConvertString.h">
      <Filter>Utils</Filter>
    </ClInclude>
  </ItemGroup>
</Project>